
Microsoft Visual Studio Solution File, Format Version 12.00
Project("{FAE04EC0-301F-11D3-BF4B-00C04F79EFBC}") = "MobileNetNative.Droid", "MobileNetNative.Droid\MobileNetNative.Droid.csproj", "{4D097B67-7F1F-4D8C-ABBC-318666EA16E5}"
EndProject
Project("{FAE04EC0-301F-11D3-BF4B-00C04F79EFBC}") = "MobileNetNative.Ios", "MobileNetNative.Ios\MobileNetNative.Ios.csproj", "{6D0B27D6-975A-43D8-B756-813CEDFF58C0}"
EndProject
Project("{FAE04EC0-301F-11D3-BF4B-00C04F79EFBC}") = "MobileNetNative.Core", "MobileNetNative.Core\MobileNetNative.Core.csproj", "{2F1F3EC9-3F42-4622-980E-DFE37EFE5093}"
EndProject
Project("{2150E333-8FDC-42A3-9474-1A3956D46DE8}") = "MobileNative", "MobileNative", "{CF5B9F92-B3A8-4242-AA46-F66BC875D9A8}"
EndProject
Project("{2150E333-8FDC-42A3-9474-1A3956D46DE8}") = "MvxAproach", "MvxAproach", "{5576CC73-9F22-4831-8AD8-476C4108BC3D}"
EndProject
Project("{FAE04EC0-301F-11D3-BF4B-00C04F79EFBC}") = "MvxAproach.Core", "MvxAproach.Core\MvxAproach.Core.csproj", "{4CC0DF38-253B-4817-A8F6-5EB16C2C3ED8}"
EndProject
Project("{FAE04EC0-301F-11D3-BF4B-00C04F79EFBC}") = "MvxAproach.Android", "MvxAproach.Android\MvxAproach.Android.csproj", "{693200CF-96E1-4C13-A507-9FD72CDFA235}"
EndProject
Project("{FAE04EC0-301F-11D3-BF4B-00C04F79EFBC}") = "MvxAproach.iOS", "MvxAproach.iOS\MvxAproach.iOS.csproj", "{85413394-98D3-4309-B93B-3F29670AEEAB}"
EndProject
Global
	GlobalSection(SolutionConfigurationPlatforms) = preSolution
		Debug|Any CPU = Debug|Any CPU
		Release|Any CPU = Release|Any CPU
	EndGlobalSection
	GlobalSection(ProjectConfigurationPlatforms) = postSolution
		{4D097B67-7F1F-4D8C-ABBC-318666EA16E5}.Debug|Any CPU.ActiveCfg = Debug|Any CPU
		{4D097B67-7F1F-4D8C-ABBC-318666EA16E5}.Debug|Any CPU.Build.0 = Debug|Any CPU
		{4D097B67-7F1F-4D8C-ABBC-318666EA16E5}.Release|Any CPU.ActiveCfg = Release|Any CPU
		{4D097B67-7F1F-4D8C-ABBC-318666EA16E5}.Release|Any CPU.Build.0 = Release|Any CPU
		{6D0B27D6-975A-43D8-B756-813CEDFF58C0}.Debug|Any CPU.ActiveCfg = Debug|Any CPU
		{6D0B27D6-975A-43D8-B756-813CEDFF58C0}.Debug|Any CPU.Build.0 = Debug|Any CPU
		{6D0B27D6-975A-43D8-B756-813CEDFF58C0}.Release|Any CPU.ActiveCfg = Release|Any CPU
		{6D0B27D6-975A-43D8-B756-813CEDFF58C0}.Release|Any CPU.Build.0 = Release|Any CPU
		{2F1F3EC9-3F42-4622-980E-DFE37EFE5093}.Debug|Any CPU.ActiveCfg = Debug|Any CPU
		{2F1F3EC9-3F42-4622-980E-DFE37EFE5093}.Debug|Any CPU.Build.0 = Debug|Any CPU
		{2F1F3EC9-3F42-4622-980E-DFE37EFE5093}.Release|Any CPU.ActiveCfg = Release|Any CPU
		{2F1F3EC9-3F42-4622-980E-DFE37EFE5093}.Release|Any CPU.Build.0 = Release|Any CPU
		{4CC0DF38-253B-4817-A8F6-5EB16C2C3ED8}.Debug|Any CPU.ActiveCfg = Debug|Any CPU
		{4CC0DF38-253B-4817-A8F6-5EB16C2C3ED8}.Debug|Any CPU.Build.0 = Debug|Any CPU
		{4CC0DF38-253B-4817-A8F6-5EB16C2C3ED8}.Release|Any CPU.ActiveCfg = Release|Any CPU
		{4CC0DF38-253B-4817-A8F6-5EB16C2C3ED8}.Release|Any CPU.Build.0 = Release|Any CPU
		{693200CF-96E1-4C13-A507-9FD72CDFA235}.Debug|Any CPU.ActiveCfg = Debug|Any CPU
		{693200CF-96E1-4C13-A507-9FD72CDFA235}.Debug|Any CPU.Build.0 = Debug|Any CPU
		{693200CF-96E1-4C13-A507-9FD72CDFA235}.Release|Any CPU.ActiveCfg = Release|Any CPU
		{693200CF-96E1-4C13-A507-9FD72CDFA235}.Release|Any CPU.Build.0 = Release|Any CPU
		{85413394-98D3-4309-B93B-3F29670AEEAB}.Debug|Any CPU.ActiveCfg = Debug|Any CPU
		{85413394-98D3-4309-B93B-3F29670AEEAB}.Debug|Any CPU.Build.0 = Debug|Any CPU
		{85413394-98D3-4309-B93B-3F29670AEEAB}.Release|Any CPU.ActiveCfg = Release|Any CPU
		{85413394-98D3-4309-B93B-3F29670AEEAB}.Release|Any CPU.Build.0 = Release|Any CPU
	EndGlobalSection
	GlobalSection(NestedProjects) = preSolution
		{2F1F3EC9-3F42-4622-980E-DFE37EFE5093} = {CF5B9F92-B3A8-4242-AA46-F66BC875D9A8}
		{4D097B67-7F1F-4D8C-ABBC-318666EA16E5} = {CF5B9F92-B3A8-4242-AA46-F66BC875D9A8}
		{6D0B27D6-975A-43D8-B756-813CEDFF58C0} = {CF5B9F92-B3A8-4242-AA46-F66BC875D9A8}
		{4CC0DF38-253B-4817-A8F6-5EB16C2C3ED8} = {5576CC73-9F22-4831-8AD8-476C4108BC3D}
		{693200CF-96E1-4C13-A507-9FD72CDFA235} = {5576CC73-9F22-4831-8AD8-476C4108BC3D}
		{85413394-98D3-4309-B93B-3F29670AEEAB} = {5576CC73-9F22-4831-8AD8-476C4108BC3D}
	EndGlobalSection
EndGlobal
